Microsoft Visual Studio Solution File, Format Version 11.00
# Visual Studio 2008

Project("{4DDD62E8-120C-C863-26BE-37C4E36D31AD}") = "SRE_Andriod", "Assembly-CSharp.csproj", "{EB0E5F46-49D3-DCFB-1F61-B2050AF51726}"
EndProject
Project("{4DDD62E8-120C-C863-26BE-37C4E36D31AD}") = "SRE_Andriod", "Assembly-CSharp-Editor.csproj", "{FF9E2ED3-2D83-2A65-1654-BB36775A8E67}"
EndProject
Project("{4DDD62E8-120C-C863-26BE-37C4E36D31AD}") = "SRE_Andriod", "Assembly-UnityScript.unityproj", "{8672D039-F666-D476-3B76-3EBB2C72A76C}"
EndProject
Global
	GlobalSection(SolutionConfigurationPlatforms) = preSolution
		Debug|Any CPU = Debug|Any CPU
		Release|Any CPU = Release|Any CPU
	EndGlobalSection
	GlobalSection(ProjectConfigurationPlatforms) = postSolution
		{EB0E5F46-49D3-DCFB-1F61-B2050AF51726}.Debug|Any CPU.ActiveCfg = Debug|Any CPU
		{EB0E5F46-49D3-DCFB-1F61-B2050AF51726}.Debug|Any CPU.Build.0 = Debug|Any CPU
		{EB0E5F46-49D3-DCFB-1F61-B2050AF51726}.Release|Any CPU.ActiveCfg = Release|Any CPU
		{EB0E5F46-49D3-DCFB-1F61-B2050AF51726}.Release|Any CPU.Build.0 = Release|Any CPU
		{FF9E2ED3-2D83-2A65-1654-BB36775A8E67}.Debug|Any CPU.ActiveCfg = Debug|Any CPU
		{FF9E2ED3-2D83-2A65-1654-BB36775A8E67}.Debug|Any CPU.Build.0 = Debug|Any CPU
		{FF9E2ED3-2D83-2A65-1654-BB36775A8E67}.Release|Any CPU.ActiveCfg = Release|Any CPU
		{FF9E2ED3-2D83-2A65-1654-BB36775A8E67}.Release|Any CPU.Build.0 = Release|Any CPU
		{8672D039-F666-D476-3B76-3EBB2C72A76C}.Debug|Any CPU.ActiveCfg = Debug|Any CPU
		{8672D039-F666-D476-3B76-3EBB2C72A76C}.Debug|Any CPU.Build.0 = Debug|Any CPU
		{8672D039-F666-D476-3B76-3EBB2C72A76C}.Release|Any CPU.ActiveCfg = Release|Any CPU
		{8672D039-F666-D476-3B76-3EBB2C72A76C}.Release|Any CPU.Build.0 = Release|Any CPU
	EndGlobalSection
	GlobalSection(SolutionProperties) = preSolution
		HideSolutionNode = FALSE
	EndGlobalSection
																																																																																																																																																																																																																																																																																																																																																							GlobalSection(MonoDevelopProperties) = preSolution
		StartupItem = Assembly-CSharp.csproj
		Policies = $0
		$0.TextStylePolicy = $1
		$1.inheritsSet = null
		$1.scope = text/x-csharp
		$0.CSharpFormattingPolicy = $2
		$2.inheritsSet = Mono
		$2.inheritsScope = text/x-csharp
		$2.scope = text/x-csharp
		$0.TextStylePolicy = $3
		$3.FileWidth = 120
		$3.TabWidth = 4
		$3.IndentWidth = 4
		$3.EolMarker = Unix
		$3.inheritsSet = Mono
		$3.inheritsScope = text/plain
		$3.scope = text/plain
	EndGlobalSection

EndGlobal
